
Microsoft Visual Studio Solution File, Format Version 12.00
# Visual Studio Version 17
VisualStudioVersion = 17.4.33213.308
MinimumVisualStudioVersion = 10.0.40219.1
Project("{FAE04EC0-301F-11D3-BF4B-00C04F79EFBC}") = "ConsoleApp2", "ConsoleApp2\ConsoleApp2.csproj", "{F62CE44E-6EC5-4E01-B12C-B32FC76B8806}"
EndProject
Global
	GlobalSection(SolutionConfigurationPlatforms) = preSolution
		Debug|Any CPU = Debug|Any CPU
		Release|Any CPU = Release|Any CPU
	EndGlobalSection
	GlobalSection(ProjectConfigurationPlatforms) = postSolution
		{F62CE44E-6EC5-4E01-B12C-B32FC76B8806}.Debug|Any CPU.ActiveCfg = Debug|Any CPU
		{F62CE44E-6EC5-4E01-B12C-B32FC76B8806}.Debug|Any CPU.Build.0 = Debug|Any CPU
		{F62CE44E-6EC5-4E01-B12C-B32FC76B8806}.Release|Any CPU.ActiveCfg = Release|Any CPU
		{F62CE44E-6EC5-4E01-B12C-B32FC76B8806}.Release|Any CPU.Build.0 = Release|Any CPU
	EndGlobalSection
	GlobalSection(SolutionProperties) = preSolution
		HideSolutionNode = FALSE
	EndGlobalSection
	GlobalSection(ExtensibilityGlobals) = postSolution
		SolutionGuid = {03389B8F-6C50-4930-A194-7D50F595173A}
	EndGlobalSection
EndGlobal
